
Microsoft Visual Studio Solution File, Format Version 12.00
# Visual Studio Version 16
VisualStudioVersion = 16.0.30114.105
MinimumVisualStudioVersion = 10.0.40219.1
Project("{FAE04EC0-301F-11D3-BF4B-00C04F79EFBC}") = "API", "API\API.csproj", "{A649F298-820A-4F93-B082-623422480964}"
EndProject
Project("{FAE04EC0-301F-11D3-BF4B-00C04F79EFBC}") = "Application", "Application\Application.csproj", "{2F5978F9-76C4-4487-AA5B-B474A8291AD0}"
EndProject
Project("{FAE04EC0-301F-11D3-BF4B-00C04F79EFBC}") = "Domain", "Domain\Domain.csproj", "{C9C299BA-99BF-42D9-B121-8610781A65C8}"
EndProject
Project("{FAE04EC0-301F-11D3-BF4B-00C04F79EFBC}") = "Persistence", "Persistence\Persistence.csproj", "{92C3244E-0E04-4476-B894-5312ABCECC2B}"
EndProject
Global
	GlobalSection(SolutionConfigurationPlatforms) = preSolution
		Debug|Any CPU = Debug|Any CPU
		Release|Any CPU = Release|Any CPU
	EndGlobalSection
	GlobalSection(SolutionProperties) = preSolution
		HideSolutionNode = FALSE
	EndGlobalSection
	GlobalSection(ProjectConfigurationPlatforms) = postSolution
		{A649F298-820A-4F93-B082-623422480964}.Debug|Any CPU.ActiveCfg = Debug|Any CPU
		{A649F298-820A-4F93-B082-623422480964}.Debug|Any CPU.Build.0 = Debug|Any CPU
		{A649F298-820A-4F93-B082-623422480964}.Release|Any CPU.ActiveCfg = Release|Any CPU
		{A649F298-820A-4F93-B082-623422480964}.Release|Any CPU.Build.0 = Release|Any CPU
		{2F5978F9-76C4-4487-AA5B-B474A8291AD0}.Debug|Any CPU.ActiveCfg = Debug|Any CPU
		{2F5978F9-76C4-4487-AA5B-B474A8291AD0}.Debug|Any CPU.Build.0 = Debug|Any CPU
		{2F5978F9-76C4-4487-AA5B-B474A8291AD0}.Release|Any CPU.ActiveCfg = Release|Any CPU
		{2F5978F9-76C4-4487-AA5B-B474A8291AD0}.Release|Any CPU.Build.0 = Release|Any CPU
		{C9C299BA-99BF-42D9-B121-8610781A65C8}.Debug|Any CPU.ActiveCfg = Debug|Any CPU
		{C9C299BA-99BF-42D9-B121-8610781A65C8}.Debug|Any CPU.Build.0 = Debug|Any CPU
		{C9C299BA-99BF-42D9-B121-8610781A65C8}.Release|Any CPU.ActiveCfg = Release|Any CPU
		{C9C299BA-99BF-42D9-B121-8610781A65C8}.Release|Any CPU.Build.0 = Release|Any CPU
		{92C3244E-0E04-4476-B894-5312ABCECC2B}.Debug|Any CPU.ActiveCfg = Debug|Any CPU
		{92C3244E-0E04-4476-B894-5312ABCECC2B}.Debug|Any CPU.Build.0 = Debug|Any CPU
		{92C3244E-0E04-4476-B894-5312ABCECC2B}.Release|Any CPU.ActiveCfg = Release|Any CPU
		{92C3244E-0E04-4476-B894-5312ABCECC2B}.Release|Any CPU.Build.0 = Release|Any CPU
	EndGlobalSection
EndGlobal
